
Microsoft Visual Studio Solution File, Format Version 12.00
# Visual Studio Version 17
VisualStudioVersion = 17.9.34622.214
MinimumVisualStudioVersion = 10.0.40219.1
Project("{FAE04EC0-301F-11D3-BF4B-00C04F79EFBC}") = "XCS2MIXX", "XCS2MIXX\XCS2MIXX.csproj", "{CF35117C-984C-4C44-898E-098EFC1A5A40}"
EndProject
Global
	GlobalSection(SolutionConfigurationPlatforms) = preSolution
		Debug|Any CPU = Debug|Any CPU
		Release|Any CPU = Release|Any CPU
	EndGlobalSection
	GlobalSection(ProjectConfigurationPlatforms) = postSolution
		{CF35117C-984C-4C44-898E-098EFC1A5A40}.Debug|Any CPU.ActiveCfg = Debug|Any CPU
		{CF35117C-984C-4C44-898E-098EFC1A5A40}.Debug|Any CPU.Build.0 = Debug|Any CPU
		{CF35117C-984C-4C44-898E-098EFC1A5A40}.Release|Any CPU.ActiveCfg = Release|Any CPU
		{CF35117C-984C-4C44-898E-098EFC1A5A40}.Release|Any CPU.Build.0 = Release|Any CPU
	EndGlobalSection
	GlobalSection(SolutionProperties) = preSolution
		HideSolutionNode = FALSE
	EndGlobalSection
	GlobalSection(ExtensibilityGlobals) = postSolution
		SolutionGuid = {92EF126A-58E9-41B5-8B40-382F39E663CF}
	EndGlobalSection
EndGlobal
